{
  "pins" : [
    {
      "identity" : "musig2-ios-api",
      "kind" : "remoteSourceControl",
      "location" : "https://github.com/chainx-org/musig2-ios-api",
      "state" : {
        "branch" : "2.7.0",
        "revision" : "373c4cec6ba80e1474029f865a851718d675b700"
      }
    }
  ],
  "version" : 2
}
